
Microsoft Visual Studio Solution File, Format Version 12.00
# Visual Studio Version 16
VisualStudioVersion = 16.0.30611.23
MinimumVisualStudioVersion = 10.0.40219.1
Project("{FAE04EC0-301F-11D3-BF4B-00C04F79EFBC}") = "calculator", "calculator\calculator.csproj", "{3E96F473-E966-4E2B-9924-6773E8BC3E7D}"
EndProject
Global
	GlobalSection(SolutionConfigurationPlatforms) = preSolution
		Debug|Any CPU = Debug|Any CPU
		Release|Any CPU = Release|Any CPU
	EndGlobalSection
	GlobalSection(ProjectConfigurationPlatforms) = postSolution
		{3E96F473-E966-4E2B-9924-6773E8BC3E7D}.Debug|Any CPU.ActiveCfg = Debug|Any CPU
		{3E96F473-E966-4E2B-9924-6773E8BC3E7D}.Debug|Any CPU.Build.0 = Debug|Any CPU
		{3E96F473-E966-4E2B-9924-6773E8BC3E7D}.Release|Any CPU.ActiveCfg = Release|Any CPU
		{3E96F473-E966-4E2B-9924-6773E8BC3E7D}.Release|Any CPU.Build.0 = Release|Any CPU
	EndGlobalSection
	GlobalSection(SolutionProperties) = preSolution
		HideSolutionNode = FALSE
	EndGlobalSection
	GlobalSection(ExtensibilityGlobals) = postSolution
		SolutionGuid = {EF40FB98-40BC-4ACD-8B75-8CD48AF7E5DE}
	EndGlobalSection
EndGlobal
